// !$*UTF8*$!
{
	archiveVersion = 1;
	classes = {
	};
	objectVersion = 56;
	objects = {

/* Begin PBXBuildFile section */
		BB966F262AA0254A008C5D0A /* FormViewController.swift in Sources */ = {isa = PBXBuildFile; fileRef = BB966F252AA0254A008C5D0A /* FormViewController.swift */; };
		BB966F282AA05E3B008C5D0A /* GeoListViewController.swift in Sources */ = {isa = PBXBuildFile; fileRef = BB966F272AA05E3B008C5D0A /* GeoListViewController.swift */; };
		BBFF64942A9F059400058832 /* AppDelegate.swift in Sources */ = {isa = PBXBuildFile; fileRef = BBFF64932A9F059400058832 /* AppDelegate.swift */; };
		BBFF64962A9F059400058832 /* SceneDelegate.swift in Sources */ = {isa = PBXBuildFile; fileRef = BBFF64952A9F059400058832 /* SceneDelegate.swift */; };
		BBFF64982A9F059400058832 /* ViewController.swift in Sources */ = {isa = PBXBuildFile; fileRef = BBFF64972A9F059400058832 /* ViewController.swift */; };
		BBFF649B2A9F059400058832 /* Main.storyboard in Resources */ = {isa = PBXBuildFile; fileRef = BBFF64992A9F059400058832 /* Main.storyboard */; };
		BBFF649D2A9F059500058832 /* Assets.xcassets in Resources */ = {isa = PBXBuildFile; fileRef = BBFF649C2A9F059500058832 /* Assets.xcassets */; };
		BBFF64A02A9F059500058832 /* LaunchScreen.storyboard in Resources */ = {isa = PBXBuildFile; fileRef = BBFF649E2A9F059500058832 /* LaunchScreen.storyboard */; };
		BBFF64AB2A9F059500058832 /* _1TI026_MyMapTests.swift in Sources */ = {isa = PBXBuildFile; fileRef = BBFF64AA2A9F059500058832 /* _1TI026_MyMapTests.swift */; };
		BBFF64B52A9F059500058832 /* _1TI026_MyMapUITests.swift in Sources */ = {isa = PBXBuildFile; fileRef = BBFF64B42A9F059500058832 /* _1TI026_MyMapUITests.swift */; };
		BBFF64B72A9F059500058832 /* _1TI026_MyMapUITestsLaunchTests.swift in Sources */ = {isa = PBXBuildFile; fileRef = BBFF64B62A9F059500058832 /* _1TI026_MyMapUITestsLaunchTests.swift */; };
/* End PBXBuildFile section */

/* Begin PBXContainerItemProxy section */
		BBFF64A72A9F059500058832 /* PBXContainerItemProxy */ = {
			isa = PBXContainerItemProxy;
			containerPortal = BBFF64882A9F059400058832 /* Project object */;
			proxyType = 1;
			remoteGlobalIDString = BBFF648F2A9F059400058832;
			remoteInfo = "21TI026-MyMap";
		};
		BBFF64B12A9F059500058832 /* PBXContainerItemProxy */ = {
			isa = PBXContainerItemProxy;
			containerPortal = BBFF64882A9F059400058832 /* Project object */;
			proxyType = 1;
			remoteGlobalIDString = BBFF648F2A9F059400058832;
			remoteInfo = "21TI026-MyMap";
		};
/* End PBXContainerItemProxy section */

/* Begin PBXFileReference section */
		BB966F252AA0254A008C5D0A /* FormViewController.swift */ = {isa = PBXFileReference; lastKnownFileType = sourcecode.swift; path = FormViewController.swift; sourceTree = "<group>"; };
		BB966F272AA05E3B008C5D0A /* GeoListViewController.swift */ = {isa = PBXFileReference; lastKnownFileType = sourcecode.swift; path = GeoListViewController.swift; sourceTree = "<group>"; };
		BBFF64902A9F059400058832 /* 21TI026-MyMap.app */ = {isa = PBXFileReference; explicitFileType = wrapper.application; includeInIndex = 0; path = "21TI026-MyMap.app"; sourceTree = BUILT_PRODUCTS_DIR; };
		BBFF64932A9F059400058832 /* AppDelegate.swift */ = {isa = PBXFileReference; lastKnownFileType = sourcecode.swift; path = AppDelegate.swift; sourceTree = "<group>"; };
		BBFF64952A9F059400058832 /* SceneDelegate.swift */ = {isa = PBXFileReference; lastKnownFileType = sourcecode.swift; path = SceneDelegate.swift; sourceTree = "<group>"; };
		BBFF64972A9F059400058832 /* ViewController.swift */ = {isa = PBXFileReference; lastKnownFileType = sourcecode.swift; path = ViewController.swift; sourceTree = "<group>"; };
		BBFF649A2A9F059400058832 /* Base */ = {isa = PBXFileReference; lastKnownFileType = file.storyboard; name = Base; path = Base.lproj/Main.storyboard; sourceTree = "<group>"; };
		BBFF649C2A9F059500058832 /* Assets.xcassets */ = {isa = PBXFileReference; lastKnownFileType = folder.assetcatalog; path = Assets.xcassets; sourceTree = "<group>"; };
		BBFF649F2A9F059500058832 /* Base */ = {isa = PBXFileReference; lastKnownFileType = file.storyboard; name = Base; path = Base.lproj/LaunchScreen.storyboard; sourceTree = "<group>"; };
		BBFF64A12A9F059500058832 /* Info.plist */ = {isa = PBXFileReference; lastKnownFileType = text.plist.xml; path = Info.plist; sourceTree = "<group>"; };
		BBFF64A62A9F059500058832 /* 21TI026-MyMapTests.xctest */ = {isa = PBXFileReference; explicitFileType = wrapper.cfbundle; includeInIndex = 0; path = "21TI026-MyMapTests.xctest"; sourceTree = BUILT_PRODUCTS_DIR; };
		BBFF64AA2A9F059500058832 /* _1TI026_MyMapTests.swift */ = {isa = PBXFileReference; lastKnownFileType = sourcecode.swift; path = _1TI026_MyMapTests.swift; sourceTree = "<group>"; };
		BBFF64B02A9F059500058832 /* 21TI026-MyMapUITests.xctest */ = {isa = PBXFileReference; explicitFileType = wrapper.cfbundle; includeInIndex = 0; path = "21TI026-MyMapUITests.xctest"; sourceTree = BUILT_PRODUCTS_DIR; };
		BBFF64B42A9F059500058832 /* _1TI026_MyMapUITests.swift */ = {isa = PBXFileReference; lastKnownFileType = sourcecode.swift; path = _1TI026_MyMapUITests.swift; sourceTree = "<group>"; };
		BBFF64B62A9F059500058832 /* _1TI026_MyMapUITestsLaunchTests.swift */ = {isa = PBXFileReference; lastKnownFileType = sourcecode.swift; path = _1TI026_MyMapUITestsLaunchTests.swift; sourceTree = "<group>"; };
/* End PBXFileReference section */

/* Begin PBXFrameworksBuildPhase section */
		BBFF648D2A9F059400058832 /* Frameworks */ = {
			isa = PBXFrameworksBuildPhase;
			buildActionMask = 2147483647;
			files = (
			);
			runOnlyForDeploymentPostprocessing = 0;
		};
		BBFF64A32A9F059500058832 /* Frameworks */ = {
			isa = PBXFrameworksBuildPhase;
			buildActionMask = 2147483647;
			files = (
			);
			runOnlyForDeploymentPostprocessing = 0;
		};
		BBFF64AD2A9F059500058832 /* Frameworks */ = {
			isa = PBXFrameworksBuildPhase;
			buildActionMask = 2147483647;
			files = (
			);
			runOnlyForDeploymentPostprocessing = 0;
		};
/* End PBXFrameworksBuildPhase section */

/* Begin PBXGroup section */
		BBFF64872A9F059400058832 = {
			isa = PBXGroup;
			children = (
				BBFF64922A9F059400058832 /* 21TI026-MyMap */,
				BBFF64A92A9F059500058832 /* 21TI026-MyMapTests */,
				BBFF64B32A9F059500058832 /* 21TI026-MyMapUITests */,
				BBFF64912A9F059400058832 /* Products */,
			);
			sourceTree = "<group>";
		};
		BBFF64912A9F059400058832 /* Products */ = {
			isa = PBXGroup;
			children = (
				BBFF64902A9F059400058832 /* 21TI026-MyMap.app */,
				BBFF64A62A9F059500058832 /* 21TI026-MyMapTests.xctest */,
				BBFF64B02A9F059500058832 /* 21TI026-MyMapUITests.xctest */,
			);
			name = Products;
			sourceTree = "<group>";
		};
		BBFF64922A9F059400058832 /* 21TI026-MyMap */ = {
			isa = PBXGroup;
			children = (
				BBFF64932A9F059400058832 /* AppDelegate.swift */,
				BBFF64952A9F059400058832 /* SceneDelegate.swift */,
				BBFF64972A9F059400058832 /* ViewController.swift */,
				BB966F272AA05E3B008C5D0A /* GeoListViewController.swift */,
				BBFF64992A9F059400058832 /* Main.storyboard */,
				BB966F252AA0254A008C5D0A /* FormViewController.swift */,
				BBFF649C2A9F059500058832 /* Assets.xcassets */,
				BBFF649E2A9F059500058832 /* LaunchScreen.storyboard */,
				BBFF64A12A9F059500058832 /* Info.plist */,
			);
			path = "21TI026-MyMap";
			sourceTree = "<group>";
		};
		BBFF64A92A9F059500058832 /* 21TI026-MyMapTests */ = {
			isa = PBXGroup;
			children = (
				BBFF64AA2A9F059500058832 /* _1TI026_MyMapTests.swift */,
			);
			path = "21TI026-MyMapTests";
			sourceTree = "<group>";
		};
		BBFF64B32A9F059500058832 /* 21TI026-MyMapUITests */ = {
			isa = PBXGroup;
			children = (
				BBFF64B42A9F059500058832 /* _1TI026_MyMapUITests.swift */,
				BBFF64B62A9F059500058832 /* _1TI026_MyMapUITestsLaunchTests.swift */,
			);
			path = "21TI026-MyMapUITests";
			sourceTree = "<group>";
		};
/* End PBXGroup section */

/* Begin PBXNativeTarget section */
		BBFF648F2A9F059400058832 /* 21TI026-MyMap */ = {
			isa = PBXNativeTarget;
			buildConfigurationList = BBFF64BA2A9F059500058832 /* Build configuration list for PBXNativeTarget "21TI026-MyMap" */;
			buildPhases = (
				BBFF648C2A9F059400058832 /* Sources */,
				BBFF648D2A9F059400058832 /* Frameworks */,
				BBFF648E2A9F059400058832 /* Resources */,
			);
			buildRules = (
			);
			dependencies = (
			);
			name = "21TI026-MyMap";
			productName = "21TI026-MyMap";
			productReference = BBFF64902A9F059400058832 /* 21TI026-MyMap.app */;
			productType = "com.apple.product-type.application";
		};
		BBFF64A52A9F059500058832 /* 21TI026-MyMapTests */ = {
			isa = PBXNativeTarget;
			buildConfigurationList = BBFF64BD2A9F059500058832 /* Build configuration list for PBXNativeTarget "21TI026-MyMapTests" */;
			buildPhases = (
				BBFF64A22A9F059500058832 /* Sources */,
				BBFF64A32A9F059500058832 /* Frameworks */,
				BBFF64A42A9F059500058832 /* Resources */,
			);
			buildRules = (
			);
			dependencies = (
				BBFF64A82A9F059500058832 /* PBXTargetDependency */,
			);
			name = "21TI026-MyMapTests";
			productName = "21TI026-MyMapTests";
			productReference = BBFF64A62A9F059500058832 /* 21TI026-MyMapTests.xctest */;
			productType = "com.apple.product-type.bundle.unit-test";
		};
		BBFF64AF2A9F059500058832 /* 21TI026-MyMapUITests */ = {
			isa = PBXNativeTarget;
			buildConfigurationList = BBFF64C02A9F059500058832 /* Build configuration list for PBXNativeTarget "21TI026-MyMapUITests" */;
			buildPhases = (
				BBFF64AC2A9F059500058832 /* Sources */,
				BBFF64AD2A9F059500058832 /* Frameworks */,
				BBFF64AE2A9F059500058832 /* Resources */,
			);
			buildRules = (
			);
			dependencies = (
				BBFF64B22A9F059500058832 /* PBXTargetDependency */,
			);
			name = "21TI026-MyMapUITests";
			productName = "21TI026-MyMapUITests";
			productReference = BBFF64B02A9F059500058832 /* 21TI026-MyMapUITests.xctest */;
			productType = "com.apple.product-type.bundle.ui-testing";
		};
/* End PBXNativeTarget section */

/* Begin PBXProject section */
		BBFF64882A9F059400058832 /* Project object */ = {
			isa = PBXProject;
			attributes = {
				BuildIndependentTargetsInParallel = 1;
				LastSwiftUpdateCheck = 1430;
				LastUpgradeCheck = 1430;
				TargetAttributes = {
					BBFF648F2A9F059400058832 = {
						CreatedOnToolsVersion = 14.3.1;
					};
					BBFF64A52A9F059500058832 = {
						CreatedOnToolsVersion = 14.3.1;
						TestTargetID = BBFF648F2A9F059400058832;
					};
					BBFF64AF2A9F059500058832 = {
						CreatedOnToolsVersion = 14.3.1;
						TestTargetID = BBFF648F2A9F059400058832;
					};
				};
			};
			buildConfigurationList = BBFF648B2A9F059400058832 /* Build configuration list for PBXProject "21TI026-MyMap" */;
			compatibilityVersion = "Xcode 14.0";
			developmentRegion = en;
			hasScannedForEncodings = 0;
			knownRegions = (
				en,
				Base,
			);
			mainGroup = BBFF64872A9F059400058832;
			productRefGroup = BBFF64912A9F059400058832 /* Products */;
			projectDirPath = "";
			projectRoot = "";
			targets = (
				BBFF648F2A9F059400058832 /* 21TI026-MyMap */,
				BBFF64A52A9F059500058832 /* 21TI026-MyMapTests */,
				BBFF64AF2A9F059500058832 /* 21TI026-MyMapUITests */,
			);
		};
/* End PBXProject section */

/* Begin PBXResourcesBuildPhase section */
		BBFF648E2A9F059400058832 /* Resources */ = {
			isa = PBXResourcesBuildPhase;
			buildActionMask = 2147483647;
			files = (
				BBFF64A02A9F059500058832 /* LaunchScreen.storyboard in Resources */,
				BBFF649D2A9F059500058832 /* Assets.xcassets in Resources */,
				BBFF649B2A9F059400058832 /* Main.storyboard in Resources */,
			);
			runOnlyForDeploymentPostprocessing = 0;
		};
		BBFF64A42A9F059500058832 /* Resources */ = {
			isa = PBXResourcesBuildPhase;
			buildActionMask = 2147483647;
			files = (
			);
			runOnlyForDeploymentPostprocessing = 0;
		};
		BBFF64AE2A9F059500058832 /* Resources */ = {
			isa = PBXResourcesBuildPhase;
			buildActionMask = 2147483647;
			files = (
			);
			runOnlyForDeploymentPostprocessing = 0;
		};
/* End PBXResourcesBuildPhase section */

/* Begin PBXSourcesBuildPhase section */
		BBFF648C2A9F059400058832 /* Sources */ = {
			isa = PBXSourcesBuildPhase;
			buildActionMask = 2147483647;
			files = (
				BBFF64982A9F059400058832 /* ViewController.swift in Sources */,
				BB966F282AA05E3B008C5D0A /* GeoListViewController.swift in Sources */,
				BBFF64942A9F059400058832 /* AppDelegate.swift in Sources */,
				BB966F262AA0254A008C5D0A /* FormViewController.swift in Sources */,
				BBFF64962A9F059400058832 /* SceneDelegate.swift in Sources */,
			);
			runOnlyForDeploymentPostprocessing = 0;
		};
		BBFF64A22A9F059500058832 /* Sources */ = {
			isa = PBXSourcesBuildPhase;
			buildActionMask = 2147483647;
			files = (
				BBFF64AB2A9F059500058832 /* _1TI026_MyMapTests.swift in Sources */,
			);
			runOnlyForDeploymentPostprocessing = 0;
		};
		BBFF64AC2A9F059500058832 /* Sources */ = {
			isa = PBXSourcesBuildPhase;
			buildActionMask = 2147483647;
			files = (
				BBFF64B52A9F059500058832 /* _1TI026_MyMapUITests.swift in Sources */,
				BBFF64B72A9F059500058832 /* _1TI026_MyMapUITestsLaunchTests.swift in Sources */,
			);
			runOnlyForDeploymentPostprocessing = 0;
		};
/* End PBXSourcesBuildPhase section */

/* Begin PBXTargetDependency section */
		BBFF64A82A9F059500058832 /* PBXTargetDependency */ = {
			isa = PBXTargetDependency;
			target = BBFF648F2A9F059400058832 /* 21TI026-MyMap */;
			targetProxy = BBFF64A72A9F059500058832 /* PBXContainerItemProxy */;
		};
		BBFF64B22A9F059500058832 /* PBXTargetDependency */ = {
			isa = PBXTargetDependency;
			target = BBFF648F2A9F059400058832 /* 21TI026-MyMap */;
			targetProxy = BBFF64B12A9F059500058832 /* PBXContainerItemProxy */;
		};
/* End PBXTargetDependency section */

/* Begin PBXVariantGroup section */
		BBFF64992A9F059400058832 /* Main.storyboard */ = {
			isa = PBXVariantGroup;
			children = (
				BBFF649A2A9F059400058832 /* Base */,
			);
			name = Main.storyboard;
			sourceTree = "<group>";
		};
		BBFF649E2A9F059500058832 /* LaunchScreen.storyboard */ = {
			isa = PBXVariantGroup;
			children = (
				BBFF649F2A9F059500058832 /* Base */,
			);
			name = LaunchScreen.storyboard;
			sourceTree = "<group>";
		};
/* End PBXVariantGroup section */

/* Begin XCBuildConfiguration section */
		BBFF64B82A9F059500058832 /* Debug */ = {
			isa = XCBuildConfiguration;
			buildSettings = {
				ALWAYS_SEARCH_USER_PATHS = NO;
				CLANG_ANALYZER_NONNULL = YES;
				CLANG_ANALYZER_NUMBER_OBJECT_CONVERSION = YES_AGGRESSIVE;
				CLANG_CXX_LANGUAGE_STANDARD = "gnu++20";
				CLANG_ENABLE_MODULES = YES;
				CLANG_ENABLE_OBJC_ARC = YES;
				CLANG_ENABLE_OBJC_WEAK = YES;
				CLANG_WARN_BLOCK_CAPTURE_AUTORELEASING = YES;
				CLANG_WARN_BOOL_CONVERSION = YES;
				CLANG_WARN_COMMA = YES;
				CLANG_WARN_CONSTANT_CONVERSION = YES;
				CLANG_WARN_DEPRECATED_OBJC_IMPLEMENTATIONS = YES;
				CLANG_WARN_DIRECT_OBJC_ISA_USAGE = YES_ERROR;
				CLANG_WARN_DOCUMENTATION_COMMENTS = YES;
				CLANG_WARN_EMPTY_BODY = YES;
				CLANG_WARN_ENUM_CONVERSION = YES;
				CLANG_WARN_INFINITE_RECURSION = YES;
				CLANG_WARN_INT_CONVERSION = YES;
				CLANG_WARN_NON_LITERAL_NULL_CONVERSION = YES;
				CLANG_WARN_OBJC_IMPLICIT_RETAIN_SELF = YES;
				CLANG_WARN_OBJC_LITERAL_CONVERSION = YES;
				CLANG_WARN_OBJC_ROOT_CLASS = YES_ERROR;
				CLANG_WARN_QUOTED_INCLUDE_IN_FRAMEWORK_HEADER = YES;
				CLANG_WARN_RANGE_LOOP_ANALYSIS = YES;
				CLANG_WARN_STRICT_PROTOTYPES = YES;
				CLANG_WARN_SUSPICIOUS_MOVE = YES;
				CLANG_WARN_UNGUARDED_AVAILABILITY = YES_AGGRESSIVE;
				CLANG_WARN_UNREACHABLE_CODE = YES;
				CLANG_WARN__DUPLICATE_METHOD_MATCH = YES;
				COPY_PHASE_STRIP = NO;
				DEBUG_INFORMATION_FORMAT = dwarf;
				ENABLE_STRICT_OBJC_MSGSEND = YES;
				ENABLE_TESTABILITY = YES;
				GCC_C_LANGUAGE_STANDARD = gnu11;
				GCC_DYNAMIC_NO_PIC = NO;
				GCC_NO_COMMON_BLOCKS = YES;
				GCC_OPTIMIZATION_LEVEL = 0;
				GCC_PREPROCESSOR_DEFINITIONS = (
					"DEBUG=1",
					"$(inherited)",
				);
				GCC_WARN_64_TO_32_BIT_CONVERSION = YES;
				GCC_WARN_ABOUT_RETURN_TYPE = YES_ERROR;
				GCC_WARN_UNDECLARED_SELECTOR = YES;
				GCC_WARN_UNINITIALIZED_AUTOS = YES_AGGRESSIVE;
				GCC_WARN_UNUSED_FUNCTION = YES;
				GCC_WARN_UNUSED_VARIABLE = YES;
				IPHONEOS_DEPLOYMENT_TARGET = 16.4;
				MTL_ENABLE_DEBUG_INFO = INCLUDE_SOURCE;
				MTL_FAST_MATH = YES;
				ONLY_ACTIVE_ARCH = YES;
				SDKROOT = iphoneos;
				SWIFT_ACTIVE_COMPILATION_CONDITIONS = DEBUG;
				SWIFT_OPTIMIZATION_LEVEL = "-Onone";
			};
			name = Debug;
		};
		BBFF64B92A9F059500058832 /* Release */ = {
			isa = XCBuildConfiguration;
			buildSettings = {
				ALWAYS_SEARCH_USER_PATHS = NO;
				CLANG_ANALYZER_NONNULL = YES;
				CLANG_ANALYZER_NUMBER_OBJECT_CONVERSION = YES_AGGRESSIVE;
				CLANG_CXX_LANGUAGE_STANDARD = "gnu++20";
				CLANG_ENABLE_MODULES = YES;
				CLANG_ENABLE_OBJC_ARC = YES;
				CLANG_ENABLE_OBJC_WEAK = YES;
				CLANG_WARN_BLOCK_CAPTURE_AUTORELEASING = YES;
				CLANG_WARN_BOOL_CONVERSION = YES;
				CLANG_WARN_COMMA = YES;
				CLANG_WARN_CONSTANT_CONVERSION = YES;
				CLANG_WARN_DEPRECATED_OBJC_IMPLEMENTATIONS = YES;
				CLANG_WARN_DIRECT_OBJC_ISA_USAGE = YES_ERROR;
				CLANG_WARN_DOCUMENTATION_COMMENTS = YES;
				CLANG_WARN_EMPTY_BODY = YES;
				CLANG_WARN_ENUM_CONVERSION = YES;
				CLANG_WARN_INFINITE_RECURSION = YES;
				CLANG_WARN_INT_CONVERSION = YES;
				CLANG_WARN_NON_LITERAL_NULL_CONVERSION = YES;
				CLANG_WARN_OBJC_IMPLICIT_RETAIN_SELF = YES;
				CLANG_WARN_OBJC_LITERAL_CONVERSION = YES;
				CLANG_WARN_OBJC_ROOT_CLASS = YES_ERROR;
				CLANG_WARN_QUOTED_INCLUDE_IN_FRAMEWORK_HEADER = YES;
				CLANG_WARN_RANGE_LOOP_ANALYSIS = YES;
				CLANG_WARN_STRICT_PROTOTYPES = YES;
				CLANG_WARN_SUSPICIOUS_MOVE = YES;
				CLANG_WARN_UNGUARDED_AVAILABILITY = YES_AGGRESSIVE;
				CLANG_WARN_UNREACHABLE_CODE = YES;
				CLANG_WARN__DUPLICATE_METHOD_MATCH = YES;
				COPY_PHASE_STRIP = NO;
				DEBUG_INFORMATION_FORMAT = "dwarf-with-dsym";
				ENABLE_NS_ASSERTIONS = NO;
				ENABLE_STRICT_OBJC_MSGSEND = YES;
				GCC_C_LANGUAGE_STANDARD = gnu11;
				GCC_NO_COMMON_BLOCKS = YES;
				GCC_WARN_64_TO_32_BIT_CONVERSION = YES;
				GCC_WARN_ABOUT_RETURN_TYPE = YES_ERROR;
				GCC_WARN_UNDECLARED_SELECTOR = YES;
				GCC_WARN_UNINITIALIZED_AUTOS = YES_AGGRESSIVE;
				GCC_WARN_UNUSED_FUNCTION = YES;
				GCC_WARN_UNUSED_VARIABLE = YES;
				IPHONEOS_DEPLOYMENT_TARGET = 16.4;
				MTL_ENABLE_DEBUG_INFO = NO;
				MTL_FAST_MATH = YES;
				SDKROOT = iphoneos;
				SWIFT_COMPILATION_MODE = wholemodule;
				SWIFT_OPTIMIZATION_LEVEL = "-O";
				VALIDATE_PRODUCT = YES;
			};
			name = Release;
		};
		BBFF64BB2A9F059500058832 /* Debug */ = {
			isa = XCBuildConfiguration;
			buildSettings = {
				ASSETCATALOG_COMPILER_APPICON_NAME = AppIcon;
				ASSETCATALOG_COMPILER_GLOBAL_ACCENT_COLOR_NAME = AccentColor;
				CODE_SIGN_STYLE = Automatic;
				CURRENT_PROJECT_VERSION = 1;
				DEVELOPMENT_TEAM = FB39KZ26V7;
				GENERATE_INFOPLIST_FILE = YES;
				INFOPLIST_FILE = "21TI026-MyMap/Info.plist";
				INFOPLIST_KEY_NSLocationWhenInUseUsageDescription = "現在地周辺のマップを表示する機能に使います。";
				INFOPLIST_KEY_UIApplicationSupportsIndirectInputEvents = YES;
				INFOPLIST_KEY_UILaunchStoryboardName = LaunchScreen;
				INFOPLIST_KEY_UIMainStoryboardFile = Main;
				INFOPLIST_KEY_UISupportedInterfaceOrientations_iPad = "UIInterfaceOrientationPortrait UIInterfaceOrientationPortraitUpsideDown UIInterfaceOrientationLandscapeLeft UIInterfaceOrientationLandscapeRight";
				INFOPLIST_KEY_UISupportedInterfaceOrientations_iPhone = "UIInterfaceOrientationPortrait UIInterfaceOrientationLandscapeLeft UIInterfaceOrientationLandscapeRight";
				LD_RUNPATH_SEARCH_PATHS = (
					"$(inherited)",
					"@executable_path/Frameworks",
				);
				MARKETING_VERSION = 1.0;
				PRODUCT_BUNDLE_IDENTIFIER = "com.sor4chi.-1TI026-MyMap";
				PRODUCT_NAME = "$(TARGET_NAME)";
				SWIFT_EMIT_LOC_STRINGS = YES;
				SWIFT_VERSION = 5.0;
				TARGETED_DEVICE_FAMILY = "1,2";
			};
			name = Debug;
		};
		BBFF64BC2A9F059500058832 /* Release */ = {
			isa = XCBuildConfiguration;
			buildSettings = {
				ASSETCATALOG_COMPILER_APPICON_NAME = AppIcon;
				ASSETCATALOG_COMPILER_GLOBAL_ACCENT_COLOR_NAME = AccentColor;
				CODE_SIGN_STYLE = Automatic;
				CURRENT_PROJECT_VERSION = 1;
				DEVELOPMENT_TEAM = FB39KZ26V7;
				GENERATE_INFOPLIST_FILE = YES;
				INFOPLIST_FILE = "21TI026-MyMap/Info.plist";
				INFOPLIST_KEY_NSLocationWhenInUseUsageDescription = "現在地周辺のマップを表示する機能に使います。";
				INFOPLIST_KEY_UIApplicationSupportsIndirectInputEvents = YES;
				INFOPLIST_KEY_UILaunchStoryboardName = LaunchScreen;
				INFOPLIST_KEY_UIMainStoryboardFile = Main;
				INFOPLIST_KEY_UISupportedInterfaceOrientations_iPad = "UIInterfaceOrientationPortrait UIInterfaceOrientationPortraitUpsideDown UIInterfaceOrientationLandscapeLeft UIInterfaceOrientationLandscapeRight";
				INFOPLIST_KEY_UISupportedInterfaceOrientations_iPhone = "UIInterfaceOrientationPortrait UIInterfaceOrientationLandscapeLeft UIInterfaceOrientationLandscapeRight";
				LD_RUNPATH_SEARCH_PATHS = (
					"$(inherited)",
					"@executable_path/Frameworks",
				);
				MARKETING_VERSION = 1.0;
				PRODUCT_BUNDLE_IDENTIFIER = "com.sor4chi.-1TI026-MyMap";
				PRODUCT_NAME = "$(TARGET_NAME)";
				SWIFT_EMIT_LOC_STRINGS = YES;
				SWIFT_VERSION = 5.0;
				TARGETED_DEVICE_FAMILY = "1,2";
			};
			name = Release;
		};
		BBFF64BE2A9F059500058832 /* Debug */ = {
			isa = XCBuildConfiguration;
			buildSettings = {
				ALWAYS_EMBED_SWIFT_STANDARD_LIBRARIES = YES;
				BUNDLE_LOADER = "$(TEST_HOST)";
				CODE_SIGN_STYLE = Automatic;
				CURRENT_PROJECT_VERSION = 1;
				DEVELOPMENT_TEAM = FB39KZ26V7;
				GENERATE_INFOPLIST_FILE = YES;
				IPHONEOS_DEPLOYMENT_TARGET = 16.4;
				MARKETING_VERSION = 1.0;
				PRODUCT_BUNDLE_IDENTIFIER = "com.sor4chi.-1TI026-MyMapTests";
				PRODUCT_NAME = "$(TARGET_NAME)";
				SWIFT_EMIT_LOC_STRINGS = NO;
				SWIFT_VERSION = 5.0;
				TARGETED_DEVICE_FAMILY = "1,2";
				TEST_HOST = "$(BUILT_PRODUCTS_DIR)/21TI026-MyMap.app/$(BUNDLE_EXECUTABLE_FOLDER_PATH)/21TI026-MyMap";
			};
			name = Debug;
		};
		BBFF64BF2A9F059500058832 /* Release */ = {
			isa = XCBuildConfiguration;
			buildSettings = {
				ALWAYS_EMBED_SWIFT_STANDARD_LIBRARIES = YES;
				BUNDLE_LOADER = "$(TEST_HOST)";
				CODE_SIGN_STYLE = Automatic;
				CURRENT_PROJECT_VERSION = 1;
				DEVELOPMENT_TEAM = FB39KZ26V7;
				GENERATE_INFOPLIST_FILE = YES;
				IPHONEOS_DEPLOYMENT_TARGET = 16.4;
				MARKETING_VERSION = 1.0;
				PRODUCT_BUNDLE_IDENTIFIER = "com.sor4chi.-1TI026-MyMapTests";
				PRODUCT_NAME = "$(TARGET_NAME)";
				SWIFT_EMIT_LOC_STRINGS = NO;
				SWIFT_VERSION = 5.0;
				TARGETED_DEVICE_FAMILY = "1,2";
				TEST_HOST = "$(BUILT_PRODUCTS_DIR)/21TI026-MyMap.app/$(BUNDLE_EXECUTABLE_FOLDER_PATH)/21TI026-MyMap";
			};
			name = Release;
		};
		BBFF64C12A9F059500058832 /* Debug */ = {
			isa = XCBuildConfiguration;
			buildSettings = {
				ALWAYS_EMBED_SWIFT_STANDARD_LIBRARIES = YES;
				CODE_SIGN_STYLE = Automatic;
				CURRENT_PROJECT_VERSION = 1;
				DEVELOPMENT_TEAM = FB39KZ26V7;
				GENERATE_INFOPLIST_FILE = YES;
				MARKETING_VERSION = 1.0;
				PRODUCT_BUNDLE_IDENTIFIER = "com.sor4chi.-1TI026-MyMapUITests";
				PRODUCT_NAME = "$(TARGET_NAME)";
				SWIFT_EMIT_LOC_STRINGS = NO;
				SWIFT_VERSION = 5.0;
				TARGETED_DEVICE_FAMILY = "1,2";
				TEST_TARGET_NAME = "21TI026-MyMap";
			};
			name = Debug;
		};
		BBFF64C22A9F059500058832 /* Release */ = {
			isa = XCBuildConfiguration;
			buildSettings = {
				ALWAYS_EMBED_SWIFT_STANDARD_LIBRARIES = YES;
				CODE_SIGN_STYLE = Automatic;
				CURRENT_PROJECT_VERSION = 1;
				DEVELOPMENT_TEAM = FB39KZ26V7;
				GENERATE_INFOPLIST_FILE = YES;
				MARKETING_VERSION = 1.0;
				PRODUCT_BUNDLE_IDENTIFIER = "com.sor4chi.-1TI026-MyMapUITests";
				PRODUCT_NAME = "$(TARGET_NAME)";
				SWIFT_EMIT_LOC_STRINGS = NO;
				SWIFT_VERSION = 5.0;
				TARGETED_DEVICE_FAMILY = "1,2";
				TEST_TARGET_NAME = "21TI026-MyMap";
			};
			name = Release;
		};
/* End XCBuildConfiguration section */

/* Begin XCConfigurationList section */
		BBFF648B2A9F059400058832 /* Build configuration list for PBXProject "21TI026-MyMap" */ = {
			isa = XCConfigurationList;
			buildConfigurations = (
				BBFF64B82A9F059500058832 /* Debug */,
				BBFF64B92A9F059500058832 /* Release */,
			);
			defaultConfigurationIsVisible = 0;
			defaultConfigurationName = Release;
		};
		BBFF64BA2A9F059500058832 /* Build configuration list for PBXNativeTarget "21TI026-MyMap" */ = {
			isa = XCConfigurationList;
			buildConfigurations = (
				BBFF64BB2A9F059500058832 /* Debug */,
				BBFF64BC2A9F059500058832 /* Release */,
			);
			defaultConfigurationIsVisible = 0;
			defaultConfigurationName = Release;
		};
		BBFF64BD2A9F059500058832 /* Build configuration list for PBXNativeTarget "21TI026-MyMapTests" */ = {
			isa = XCConfigurationList;
			buildConfigurations = (
				BBFF64BE2A9F059500058832 /* Debug */,
				BBFF64BF2A9F059500058832 /* Release */,
			);
			defaultConfigurationIsVisible = 0;
			defaultConfigurationName = Release;
		};
		BBFF64C02A9F059500058832 /* Build configuration list for PBXNativeTarget "21TI026-MyMapUITests" */ = {
			isa = XCConfigurationList;
			buildConfigurations = (
				BBFF64C12A9F059500058832 /* Debug */,
				BBFF64C22A9F059500058832 /* Release */,
			);
			defaultConfigurationIsVisible = 0;
			defaultConfigurationName = Release;
		};
/* End XCConfigurationList section */
	};
	rootObject = BBFF64882A9F059400058832 /* Project object */;
}
