// !$*UTF8*$!
{
	archiveVersion = 1;
	classes = {
	};
	objectVersion = 56;
	objects = {

/* Begin PBXBuildFile section */
		BBE03E312A9F00F8005641E8 /* AppDelegate.swift in Sources */ = {isa = PBXBuildFile; fileRef = BBE03E302A9F00F8005641E8 /* AppDelegate.swift */; };
		BBE03E332A9F00F8005641E8 /* SceneDelegate.swift in Sources */ = {isa = PBXBuildFile; fileRef = BBE03E322A9F00F8005641E8 /* SceneDelegate.swift */; };
		BBE03E352A9F00F8005641E8 /* ViewController.swift in Sources */ = {isa = PBXBuildFile; fileRef = BBE03E342A9F00F8005641E8 /* ViewController.swift */; };
		BBE03E382A9F00F8005641E8 /* Main.storyboard in Resources */ = {isa = PBXBuildFile; fileRef = BBE03E362A9F00F8005641E8 /* Main.storyboard */; };
		BBE03E3A2A9F00FA005641E8 /* Assets.xcassets in Resources */ = {isa = PBXBuildFile; fileRef = BBE03E392A9F00FA005641E8 /* Assets.xcassets */; };
		BBE03E3D2A9F00FA005641E8 /* LaunchScreen.storyboard in Resources */ = {isa = PBXBuildFile; fileRef = BBE03E3B2A9F00FA005641E8 /* LaunchScreen.storyboard */; };
		BBE03E482A9F00FA005641E8 /* _1TI026_TimerTests.swift in Sources */ = {isa = PBXBuildFile; fileRef = BBE03E472A9F00FA005641E8 /* _1TI026_TimerTests.swift */; };
		BBE03E522A9F00FA005641E8 /* _1TI026_TimerUITests.swift in Sources */ = {isa = PBXBuildFile; fileRef = BBE03E512A9F00FA005641E8 /* _1TI026_TimerUITests.swift */; };
		BBE03E542A9F00FA005641E8 /* _1TI026_TimerUITestsLaunchTests.swift in Sources */ = {isa = PBXBuildFile; fileRef = BBE03E532A9F00FA005641E8 /* _1TI026_TimerUITestsLaunchTests.swift */; };
/* End PBXBuildFile section */

/* Begin PBXContainerItemProxy section */
		BBE03E442A9F00FA005641E8 /* PBXContainerItemProxy */ = {
			isa = PBXContainerItemProxy;
			containerPortal = BBE03E252A9F00F8005641E8 /* Project object */;
			proxyType = 1;
			remoteGlobalIDString = BBE03E2C2A9F00F8005641E8;
			remoteInfo = "21TI026-Timer";
		};
		BBE03E4E2A9F00FA005641E8 /* PBXContainerItemProxy */ = {
			isa = PBXContainerItemProxy;
			containerPortal = BBE03E252A9F00F8005641E8 /* Project object */;
			proxyType = 1;
			remoteGlobalIDString = BBE03E2C2A9F00F8005641E8;
			remoteInfo = "21TI026-Timer";
		};
/* End PBXContainerItemProxy section */

/* Begin PBXFileReference section */
		BBE03E2D2A9F00F8005641E8 /* 21TI026-Timer.app */ = {isa = PBXFileReference; explicitFileType = wrapper.application; includeInIndex = 0; path = "21TI026-Timer.app"; sourceTree = BUILT_PRODUCTS_DIR; };
		BBE03E302A9F00F8005641E8 /* AppDelegate.swift */ = {isa = PBXFileReference; lastKnownFileType = sourcecode.swift; path = AppDelegate.swift; sourceTree = "<group>"; };
		BBE03E322A9F00F8005641E8 /* SceneDelegate.swift */ = {isa = PBXFileReference; lastKnownFileType = sourcecode.swift; path = SceneDelegate.swift; sourceTree = "<group>"; };
		BBE03E342A9F00F8005641E8 /* ViewController.swift */ = {isa = PBXFileReference; lastKnownFileType = sourcecode.swift; path = ViewController.swift; sourceTree = "<group>"; };
		BBE03E372A9F00F8005641E8 /* Base */ = {isa = PBXFileReference; lastKnownFileType = file.storyboard; name = Base; path = Base.lproj/Main.storyboard; sourceTree = "<group>"; };
		BBE03E392A9F00FA005641E8 /* Assets.xcassets */ = {isa = PBXFileReference; lastKnownFileType = folder.assetcatalog; path = Assets.xcassets; sourceTree = "<group>"; };
		BBE03E3C2A9F00FA005641E8 /* Base */ = {isa = PBXFileReference; lastKnownFileType = file.storyboard; name = Base; path = Base.lproj/LaunchScreen.storyboard; sourceTree = "<group>"; };
		BBE03E3E2A9F00FA005641E8 /* Info.plist */ = {isa = PBXFileReference; lastKnownFileType = text.plist.xml; path = Info.plist; sourceTree = "<group>"; };
		BBE03E432A9F00FA005641E8 /* 21TI026-TimerTests.xctest */ = {isa = PBXFileReference; explicitFileType = wrapper.cfbundle; includeInIndex = 0; path = "21TI026-TimerTests.xctest"; sourceTree = BUILT_PRODUCTS_DIR; };
		BBE03E472A9F00FA005641E8 /* _1TI026_TimerTests.swift */ = {isa = PBXFileReference; lastKnownFileType = sourcecode.swift; path = _1TI026_TimerTests.swift; sourceTree = "<group>"; };
		BBE03E4D2A9F00FA005641E8 /* 21TI026-TimerUITests.xctest */ = {isa = PBXFileReference; explicitFileType = wrapper.cfbundle; includeInIndex = 0; path = "21TI026-TimerUITests.xctest"; sourceTree = BUILT_PRODUCTS_DIR; };
		BBE03E512A9F00FA005641E8 /* _1TI026_TimerUITests.swift */ = {isa = PBXFileReference; lastKnownFileType = sourcecode.swift; path = _1TI026_TimerUITests.swift; sourceTree = "<group>"; };
		BBE03E532A9F00FA005641E8 /* _1TI026_TimerUITestsLaunchTests.swift */ = {isa = PBXFileReference; lastKnownFileType = sourcecode.swift; path = _1TI026_TimerUITestsLaunchTests.swift; sourceTree = "<group>"; };
/* End PBXFileReference section */

/* Begin PBXFrameworksBuildPhase section */
		BBE03E2A2A9F00F8005641E8 /* Frameworks */ = {
			isa = PBXFrameworksBuildPhase;
			buildActionMask = 2147483647;
			files = (
			);
			runOnlyForDeploymentPostprocessing = 0;
		};
		BBE03E402A9F00FA005641E8 /* Frameworks */ = {
			isa = PBXFrameworksBuildPhase;
			buildActionMask = 2147483647;
			files = (
			);
			runOnlyForDeploymentPostprocessing = 0;
		};
		BBE03E4A2A9F00FA005641E8 /* Frameworks */ = {
			isa = PBXFrameworksBuildPhase;
			buildActionMask = 2147483647;
			files = (
			);
			runOnlyForDeploymentPostprocessing = 0;
		};
/* End PBXFrameworksBuildPhase section */

/* Begin PBXGroup section */
		BBE03E242A9F00F8005641E8 = {
			isa = PBXGroup;
			children = (
				BBE03E2F2A9F00F8005641E8 /* 21TI026-Timer */,
				BBE03E462A9F00FA005641E8 /* 21TI026-TimerTests */,
				BBE03E502A9F00FA005641E8 /* 21TI026-TimerUITests */,
				BBE03E2E2A9F00F8005641E8 /* Products */,
			);
			sourceTree = "<group>";
		};
		BBE03E2E2A9F00F8005641E8 /* Products */ = {
			isa = PBXGroup;
			children = (
				BBE03E2D2A9F00F8005641E8 /* 21TI026-Timer.app */,
				BBE03E432A9F00FA005641E8 /* 21TI026-TimerTests.xctest */,
				BBE03E4D2A9F00FA005641E8 /* 21TI026-TimerUITests.xctest */,
			);
			name = Products;
			sourceTree = "<group>";
		};
		BBE03E2F2A9F00F8005641E8 /* 21TI026-Timer */ = {
			isa = PBXGroup;
			children = (
				BBE03E302A9F00F8005641E8 /* AppDelegate.swift */,
				BBE03E322A9F00F8005641E8 /* SceneDelegate.swift */,
				BBE03E342A9F00F8005641E8 /* ViewController.swift */,
				BBE03E362A9F00F8005641E8 /* Main.storyboard */,
				BBE03E392A9F00FA005641E8 /* Assets.xcassets */,
				BBE03E3B2A9F00FA005641E8 /* LaunchScreen.storyboard */,
				BBE03E3E2A9F00FA005641E8 /* Info.plist */,
			);
			path = "21TI026-Timer";
			sourceTree = "<group>";
		};
		BBE03E462A9F00FA005641E8 /* 21TI026-TimerTests */ = {
			isa = PBXGroup;
			children = (
				BBE03E472A9F00FA005641E8 /* _1TI026_TimerTests.swift */,
			);
			path = "21TI026-TimerTests";
			sourceTree = "<group>";
		};
		BBE03E502A9F00FA005641E8 /* 21TI026-TimerUITests */ = {
			isa = PBXGroup;
			children = (
				BBE03E512A9F00FA005641E8 /* _1TI026_TimerUITests.swift */,
				BBE03E532A9F00FA005641E8 /* _1TI026_TimerUITestsLaunchTests.swift */,
			);
			path = "21TI026-TimerUITests";
			sourceTree = "<group>";
		};
/* End PBXGroup section */

/* Begin PBXNativeTarget section */
		BBE03E2C2A9F00F8005641E8 /* 21TI026-Timer */ = {
			isa = PBXNativeTarget;
			buildConfigurationList = BBE03E572A9F00FA005641E8 /* Build configuration list for PBXNativeTarget "21TI026-Timer" */;
			buildPhases = (
				BBE03E292A9F00F8005641E8 /* Sources */,
				BBE03E2A2A9F00F8005641E8 /* Frameworks */,
				BBE03E2B2A9F00F8005641E8 /* Resources */,
			);
			buildRules = (
			);
			dependencies = (
			);
			name = "21TI026-Timer";
			productName = "21TI026-Timer";
			productReference = BBE03E2D2A9F00F8005641E8 /* 21TI026-Timer.app */;
			productType = "com.apple.product-type.application";
		};
		BBE03E422A9F00FA005641E8 /* 21TI026-TimerTests */ = {
			isa = PBXNativeTarget;
			buildConfigurationList = BBE03E5A2A9F00FA005641E8 /* Build configuration list for PBXNativeTarget "21TI026-TimerTests" */;
			buildPhases = (
				BBE03E3F2A9F00FA005641E8 /* Sources */,
				BBE03E402A9F00FA005641E8 /* Frameworks */,
				BBE03E412A9F00FA005641E8 /* Resources */,
			);
			buildRules = (
			);
			dependencies = (
				BBE03E452A9F00FA005641E8 /* PBXTargetDependency */,
			);
			name = "21TI026-TimerTests";
			productName = "21TI026-TimerTests";
			productReference = BBE03E432A9F00FA005641E8 /* 21TI026-TimerTests.xctest */;
			productType = "com.apple.product-type.bundle.unit-test";
		};
		BBE03E4C2A9F00FA005641E8 /* 21TI026-TimerUITests */ = {
			isa = PBXNativeTarget;
			buildConfigurationList = BBE03E5D2A9F00FA005641E8 /* Build configuration list for PBXNativeTarget "21TI026-TimerUITests" */;
			buildPhases = (
				BBE03E492A9F00FA005641E8 /* Sources */,
				BBE03E4A2A9F00FA005641E8 /* Frameworks */,
				BBE03E4B2A9F00FA005641E8 /* Resources */,
			);
			buildRules = (
			);
			dependencies = (
				BBE03E4F2A9F00FA005641E8 /* PBXTargetDependency */,
			);
			name = "21TI026-TimerUITests";
			productName = "21TI026-TimerUITests";
			productReference = BBE03E4D2A9F00FA005641E8 /* 21TI026-TimerUITests.xctest */;
			productType = "com.apple.product-type.bundle.ui-testing";
		};
/* End PBXNativeTarget section */

/* Begin PBXProject section */
		BBE03E252A9F00F8005641E8 /* Project object */ = {
			isa = PBXProject;
			attributes = {
				BuildIndependentTargetsInParallel = 1;
				LastSwiftUpdateCheck = 1430;
				LastUpgradeCheck = 1430;
				TargetAttributes = {
					BBE03E2C2A9F00F8005641E8 = {
						CreatedOnToolsVersion = 14.3.1;
					};
					BBE03E422A9F00FA005641E8 = {
						CreatedOnToolsVersion = 14.3.1;
						TestTargetID = BBE03E2C2A9F00F8005641E8;
					};
					BBE03E4C2A9F00FA005641E8 = {
						CreatedOnToolsVersion = 14.3.1;
						TestTargetID = BBE03E2C2A9F00F8005641E8;
					};
				};
			};
			buildConfigurationList = BBE03E282A9F00F8005641E8 /* Build configuration list for PBXProject "21TI026-Timer" */;
			compatibilityVersion = "Xcode 14.0";
			developmentRegion = en;
			hasScannedForEncodings = 0;
			knownRegions = (
				en,
				Base,
			);
			mainGroup = BBE03E242A9F00F8005641E8;
			productRefGroup = BBE03E2E2A9F00F8005641E8 /* Products */;
			projectDirPath = "";
			projectRoot = "";
			targets = (
				BBE03E2C2A9F00F8005641E8 /* 21TI026-Timer */,
				BBE03E422A9F00FA005641E8 /* 21TI026-TimerTests */,
				BBE03E4C2A9F00FA005641E8 /* 21TI026-TimerUITests */,
			);
		};
/* End PBXProject section */

/* Begin PBXResourcesBuildPhase section */
		BBE03E2B2A9F00F8005641E8 /* Resources */ = {
			isa = PBXResourcesBuildPhase;
			buildActionMask = 2147483647;
			files = (
				BBE03E3D2A9F00FA005641E8 /* LaunchScreen.storyboard in Resources */,
				BBE03E3A2A9F00FA005641E8 /* Assets.xcassets in Resources */,
				BBE03E382A9F00F8005641E8 /* Main.storyboard in Resources */,
			);
			runOnlyForDeploymentPostprocessing = 0;
		};
		BBE03E412A9F00FA005641E8 /* Resources */ = {
			isa = PBXResourcesBuildPhase;
			buildActionMask = 2147483647;
			files = (
			);
			runOnlyForDeploymentPostprocessing = 0;
		};
		BBE03E4B2A9F00FA005641E8 /* Resources */ = {
			isa = PBXResourcesBuildPhase;
			buildActionMask = 2147483647;
			files = (
			);
			runOnlyForDeploymentPostprocessing = 0;
		};
/* End PBXResourcesBuildPhase section */

/* Begin PBXSourcesBuildPhase section */
		BBE03E292A9F00F8005641E8 /* Sources */ = {
			isa = PBXSourcesBuildPhase;
			buildActionMask = 2147483647;
			files = (
				BBE03E352A9F00F8005641E8 /* ViewController.swift in Sources */,
				BBE03E312A9F00F8005641E8 /* AppDelegate.swift in Sources */,
				BBE03E332A9F00F8005641E8 /* SceneDelegate.swift in Sources */,
			);
			runOnlyForDeploymentPostprocessing = 0;
		};
		BBE03E3F2A9F00FA005641E8 /* Sources */ = {
			isa = PBXSourcesBuildPhase;
			buildActionMask = 2147483647;
			files = (
				BBE03E482A9F00FA005641E8 /* _1TI026_TimerTests.swift in Sources */,
			);
			runOnlyForDeploymentPostprocessing = 0;
		};
		BBE03E492A9F00FA005641E8 /* Sources */ = {
			isa = PBXSourcesBuildPhase;
			buildActionMask = 2147483647;
			files = (
				BBE03E542A9F00FA005641E8 /* _1TI026_TimerUITestsLaunchTests.swift in Sources */,
				BBE03E522A9F00FA005641E8 /* _1TI026_TimerUITests.swift in Sources */,
			);
			runOnlyForDeploymentPostprocessing = 0;
		};
/* End PBXSourcesBuildPhase section */

/* Begin PBXTargetDependency section */
		BBE03E452A9F00FA005641E8 /* PBXTargetDependency */ = {
			isa = PBXTargetDependency;
			target = BBE03E2C2A9F00F8005641E8 /* 21TI026-Timer */;
			targetProxy = BBE03E442A9F00FA005641E8 /* PBXContainerItemProxy */;
		};
		BBE03E4F2A9F00FA005641E8 /* PBXTargetDependency */ = {
			isa = PBXTargetDependency;
			target = BBE03E2C2A9F00F8005641E8 /* 21TI026-Timer */;
			targetProxy = BBE03E4E2A9F00FA005641E8 /* PBXContainerItemProxy */;
		};
/* End PBXTargetDependency section */

/* Begin PBXVariantGroup section */
		BBE03E362A9F00F8005641E8 /* Main.storyboard */ = {
			isa = PBXVariantGroup;
			children = (
				BBE03E372A9F00F8005641E8 /* Base */,
			);
			name = Main.storyboard;
			sourceTree = "<group>";
		};
		BBE03E3B2A9F00FA005641E8 /* LaunchScreen.storyboard */ = {
			isa = PBXVariantGroup;
			children = (
				BBE03E3C2A9F00FA005641E8 /* Base */,
			);
			name = LaunchScreen.storyboard;
			sourceTree = "<group>";
		};
/* End PBXVariantGroup section */

/* Begin XCBuildConfiguration section */
		BBE03E552A9F00FA005641E8 /* Debug */ = {
			isa = XCBuildConfiguration;
			buildSettings = {
				ALWAYS_SEARCH_USER_PATHS = NO;
				CLANG_ANALYZER_NONNULL = YES;
				CLANG_ANALYZER_NUMBER_OBJECT_CONVERSION = YES_AGGRESSIVE;
				CLANG_CXX_LANGUAGE_STANDARD = "gnu++20";
				CLANG_ENABLE_MODULES = YES;
				CLANG_ENABLE_OBJC_ARC = YES;
				CLANG_ENABLE_OBJC_WEAK = YES;
				CLANG_WARN_BLOCK_CAPTURE_AUTORELEASING = YES;
				CLANG_WARN_BOOL_CONVERSION = YES;
				CLANG_WARN_COMMA = YES;
				CLANG_WARN_CONSTANT_CONVERSION = YES;
				CLANG_WARN_DEPRECATED_OBJC_IMPLEMENTATIONS = YES;
				CLANG_WARN_DIRECT_OBJC_ISA_USAGE = YES_ERROR;
				CLANG_WARN_DOCUMENTATION_COMMENTS = YES;
				CLANG_WARN_EMPTY_BODY = YES;
				CLANG_WARN_ENUM_CONVERSION = YES;
				CLANG_WARN_INFINITE_RECURSION = YES;
				CLANG_WARN_INT_CONVERSION = YES;
				CLANG_WARN_NON_LITERAL_NULL_CONVERSION = YES;
				CLANG_WARN_OBJC_IMPLICIT_RETAIN_SELF = YES;
				CLANG_WARN_OBJC_LITERAL_CONVERSION = YES;
				CLANG_WARN_OBJC_ROOT_CLASS = YES_ERROR;
				CLANG_WARN_QUOTED_INCLUDE_IN_FRAMEWORK_HEADER = YES;
				CLANG_WARN_RANGE_LOOP_ANALYSIS = YES;
				CLANG_WARN_STRICT_PROTOTYPES = YES;
				CLANG_WARN_SUSPICIOUS_MOVE = YES;
				CLANG_WARN_UNGUARDED_AVAILABILITY = YES_AGGRESSIVE;
				CLANG_WARN_UNREACHABLE_CODE = YES;
				CLANG_WARN__DUPLICATE_METHOD_MATCH = YES;
				COPY_PHASE_STRIP = NO;
				DEBUG_INFORMATION_FORMAT = dwarf;
				ENABLE_STRICT_OBJC_MSGSEND = YES;
				ENABLE_TESTABILITY = YES;
				GCC_C_LANGUAGE_STANDARD = gnu11;
				GCC_DYNAMIC_NO_PIC = NO;
				GCC_NO_COMMON_BLOCKS = YES;
				GCC_OPTIMIZATION_LEVEL = 0;
				GCC_PREPROCESSOR_DEFINITIONS = (
					"DEBUG=1",
					"$(inherited)",
				);
				GCC_WARN_64_TO_32_BIT_CONVERSION = YES;
				GCC_WARN_ABOUT_RETURN_TYPE = YES_ERROR;
				GCC_WARN_UNDECLARED_SELECTOR = YES;
				GCC_WARN_UNINITIALIZED_AUTOS = YES_AGGRESSIVE;
				GCC_WARN_UNUSED_FUNCTION = YES;
				GCC_WARN_UNUSED_VARIABLE = YES;
				IPHONEOS_DEPLOYMENT_TARGET = 16.4;
				MTL_ENABLE_DEBUG_INFO = INCLUDE_SOURCE;
				MTL_FAST_MATH = YES;
				ONLY_ACTIVE_ARCH = YES;
				SDKROOT = iphoneos;
				SWIFT_ACTIVE_COMPILATION_CONDITIONS = DEBUG;
				SWIFT_OPTIMIZATION_LEVEL = "-Onone";
			};
			name = Debug;
		};
		BBE03E562A9F00FA005641E8 /* Release */ = {
			isa = XCBuildConfiguration;
			buildSettings = {
				ALWAYS_SEARCH_USER_PATHS = NO;
				CLANG_ANALYZER_NONNULL = YES;
				CLANG_ANALYZER_NUMBER_OBJECT_CONVERSION = YES_AGGRESSIVE;
				CLANG_CXX_LANGUAGE_STANDARD = "gnu++20";
				CLANG_ENABLE_MODULES = YES;
				CLANG_ENABLE_OBJC_ARC = YES;
				CLANG_ENABLE_OBJC_WEAK = YES;
				CLANG_WARN_BLOCK_CAPTURE_AUTORELEASING = YES;
				CLANG_WARN_BOOL_CONVERSION = YES;
				CLANG_WARN_COMMA = YES;
				CLANG_WARN_CONSTANT_CONVERSION = YES;
				CLANG_WARN_DEPRECATED_OBJC_IMPLEMENTATIONS = YES;
				CLANG_WARN_DIRECT_OBJC_ISA_USAGE = YES_ERROR;
				CLANG_WARN_DOCUMENTATION_COMMENTS = YES;
				CLANG_WARN_EMPTY_BODY = YES;
				CLANG_WARN_ENUM_CONVERSION = YES;
				CLANG_WARN_INFINITE_RECURSION = YES;
				CLANG_WARN_INT_CONVERSION = YES;
				CLANG_WARN_NON_LITERAL_NULL_CONVERSION = YES;
				CLANG_WARN_OBJC_IMPLICIT_RETAIN_SELF = YES;
				CLANG_WARN_OBJC_LITERAL_CONVERSION = YES;
				CLANG_WARN_OBJC_ROOT_CLASS = YES_ERROR;
				CLANG_WARN_QUOTED_INCLUDE_IN_FRAMEWORK_HEADER = YES;
				CLANG_WARN_RANGE_LOOP_ANALYSIS = YES;
				CLANG_WARN_STRICT_PROTOTYPES = YES;
				CLANG_WARN_SUSPICIOUS_MOVE = YES;
				CLANG_WARN_UNGUARDED_AVAILABILITY = YES_AGGRESSIVE;
				CLANG_WARN_UNREACHABLE_CODE = YES;
				CLANG_WARN__DUPLICATE_METHOD_MATCH = YES;
				COPY_PHASE_STRIP = NO;
				DEBUG_INFORMATION_FORMAT = "dwarf-with-dsym";
				ENABLE_NS_ASSERTIONS = NO;
				ENABLE_STRICT_OBJC_MSGSEND = YES;
				GCC_C_LANGUAGE_STANDARD = gnu11;
				GCC_NO_COMMON_BLOCKS = YES;
				GCC_WARN_64_TO_32_BIT_CONVERSION = YES;
				GCC_WARN_ABOUT_RETURN_TYPE = YES_ERROR;
				GCC_WARN_UNDECLARED_SELECTOR = YES;
				GCC_WARN_UNINITIALIZED_AUTOS = YES_AGGRESSIVE;
				GCC_WARN_UNUSED_FUNCTION = YES;
				GCC_WARN_UNUSED_VARIABLE = YES;
				IPHONEOS_DEPLOYMENT_TARGET = 16.4;
				MTL_ENABLE_DEBUG_INFO = NO;
				MTL_FAST_MATH = YES;
				SDKROOT = iphoneos;
				SWIFT_COMPILATION_MODE = wholemodule;
				SWIFT_OPTIMIZATION_LEVEL = "-O";
				VALIDATE_PRODUCT = YES;
			};
			name = Release;
		};
		BBE03E582A9F00FA005641E8 /* Debug */ = {
			isa = XCBuildConfiguration;
			buildSettings = {
				ASSETCATALOG_COMPILER_APPICON_NAME = AppIcon;
				ASSETCATALOG_COMPILER_GLOBAL_ACCENT_COLOR_NAME = AccentColor;
				CODE_SIGN_STYLE = Automatic;
				CURRENT_PROJECT_VERSION = 1;
				DEVELOPMENT_TEAM = FB39KZ26V7;
				GENERATE_INFOPLIST_FILE = YES;
				INFOPLIST_FILE = "21TI026-Timer/Info.plist";
				INFOPLIST_KEY_UIApplicationSupportsIndirectInputEvents = YES;
				INFOPLIST_KEY_UILaunchStoryboardName = LaunchScreen;
				INFOPLIST_KEY_UIMainStoryboardFile = Main;
				INFOPLIST_KEY_UISupportedInterfaceOrientations_iPad = "UIInterfaceOrientationPortrait UIInterfaceOrientationPortraitUpsideDown UIInterfaceOrientationLandscapeLeft UIInterfaceOrientationLandscapeRight";
				INFOPLIST_KEY_UISupportedInterfaceOrientations_iPhone = "UIInterfaceOrientationPortrait UIInterfaceOrientationLandscapeLeft UIInterfaceOrientationLandscapeRight";
				LD_RUNPATH_SEARCH_PATHS = (
					"$(inherited)",
					"@executable_path/Frameworks",
				);
				MARKETING_VERSION = 1.0;
				PRODUCT_BUNDLE_IDENTIFIER = "sor4chi.-1TI026-Timer";
				PRODUCT_NAME = "$(TARGET_NAME)";
				SWIFT_EMIT_LOC_STRINGS = YES;
				SWIFT_VERSION = 5.0;
				TARGETED_DEVICE_FAMILY = "1,2";
			};
			name = Debug;
		};
		BBE03E592A9F00FA005641E8 /* Release */ = {
			isa = XCBuildConfiguration;
			buildSettings = {
				ASSETCATALOG_COMPILER_APPICON_NAME = AppIcon;
				ASSETCATALOG_COMPILER_GLOBAL_ACCENT_COLOR_NAME = AccentColor;
				CODE_SIGN_STYLE = Automatic;
				CURRENT_PROJECT_VERSION = 1;
				DEVELOPMENT_TEAM = FB39KZ26V7;
				GENERATE_INFOPLIST_FILE = YES;
				INFOPLIST_FILE = "21TI026-Timer/Info.plist";
				INFOPLIST_KEY_UIApplicationSupportsIndirectInputEvents = YES;
				INFOPLIST_KEY_UILaunchStoryboardName = LaunchScreen;
				INFOPLIST_KEY_UIMainStoryboardFile = Main;
				INFOPLIST_KEY_UISupportedInterfaceOrientations_iPad = "UIInterfaceOrientationPortrait UIInterfaceOrientationPortraitUpsideDown UIInterfaceOrientationLandscapeLeft UIInterfaceOrientationLandscapeRight";
				INFOPLIST_KEY_UISupportedInterfaceOrientations_iPhone = "UIInterfaceOrientationPortrait UIInterfaceOrientationLandscapeLeft UIInterfaceOrientationLandscapeRight";
				LD_RUNPATH_SEARCH_PATHS = (
					"$(inherited)",
					"@executable_path/Frameworks",
				);
				MARKETING_VERSION = 1.0;
				PRODUCT_BUNDLE_IDENTIFIER = "sor4chi.-1TI026-Timer";
				PRODUCT_NAME = "$(TARGET_NAME)";
				SWIFT_EMIT_LOC_STRINGS = YES;
				SWIFT_VERSION = 5.0;
				TARGETED_DEVICE_FAMILY = "1,2";
			};
			name = Release;
		};
		BBE03E5B2A9F00FA005641E8 /* Debug */ = {
			isa = XCBuildConfiguration;
			buildSettings = {
				ALWAYS_EMBED_SWIFT_STANDARD_LIBRARIES = YES;
				BUNDLE_LOADER = "$(TEST_HOST)";
				CODE_SIGN_STYLE = Automatic;
				CURRENT_PROJECT_VERSION = 1;
				DEVELOPMENT_TEAM = FB39KZ26V7;
				GENERATE_INFOPLIST_FILE = YES;
				IPHONEOS_DEPLOYMENT_TARGET = 16.4;
				MARKETING_VERSION = 1.0;
				PRODUCT_BUNDLE_IDENTIFIER = "sor4chi.-1TI026-TimerTests";
				PRODUCT_NAME = "$(TARGET_NAME)";
				SWIFT_EMIT_LOC_STRINGS = NO;
				SWIFT_VERSION = 5.0;
				TARGETED_DEVICE_FAMILY = "1,2";
				TEST_HOST = "$(BUILT_PRODUCTS_DIR)/21TI026-Timer.app/$(BUNDLE_EXECUTABLE_FOLDER_PATH)/21TI026-Timer";
			};
			name = Debug;
		};
		BBE03E5C2A9F00FA005641E8 /* Release */ = {
			isa = XCBuildConfiguration;
			buildSettings = {
				ALWAYS_EMBED_SWIFT_STANDARD_LIBRARIES = YES;
				BUNDLE_LOADER = "$(TEST_HOST)";
				CODE_SIGN_STYLE = Automatic;
				CURRENT_PROJECT_VERSION = 1;
				DEVELOPMENT_TEAM = FB39KZ26V7;
				GENERATE_INFOPLIST_FILE = YES;
				IPHONEOS_DEPLOYMENT_TARGET = 16.4;
				MARKETING_VERSION = 1.0;
				PRODUCT_BUNDLE_IDENTIFIER = "sor4chi.-1TI026-TimerTests";
				PRODUCT_NAME = "$(TARGET_NAME)";
				SWIFT_EMIT_LOC_STRINGS = NO;
				SWIFT_VERSION = 5.0;
				TARGETED_DEVICE_FAMILY = "1,2";
				TEST_HOST = "$(BUILT_PRODUCTS_DIR)/21TI026-Timer.app/$(BUNDLE_EXECUTABLE_FOLDER_PATH)/21TI026-Timer";
			};
			name = Release;
		};
		BBE03E5E2A9F00FA005641E8 /* Debug */ = {
			isa = XCBuildConfiguration;
			buildSettings = {
				ALWAYS_EMBED_SWIFT_STANDARD_LIBRARIES = YES;
				CODE_SIGN_STYLE = Automatic;
				CURRENT_PROJECT_VERSION = 1;
				DEVELOPMENT_TEAM = FB39KZ26V7;
				GENERATE_INFOPLIST_FILE = YES;
				MARKETING_VERSION = 1.0;
				PRODUCT_BUNDLE_IDENTIFIER = "sor4chi.-1TI026-TimerUITests";
				PRODUCT_NAME = "$(TARGET_NAME)";
				SWIFT_EMIT_LOC_STRINGS = NO;
				SWIFT_VERSION = 5.0;
				TARGETED_DEVICE_FAMILY = "1,2";
				TEST_TARGET_NAME = "21TI026-Timer";
			};
			name = Debug;
		};
		BBE03E5F2A9F00FA005641E8 /* Release */ = {
			isa = XCBuildConfiguration;
			buildSettings = {
				ALWAYS_EMBED_SWIFT_STANDARD_LIBRARIES = YES;
				CODE_SIGN_STYLE = Automatic;
				CURRENT_PROJECT_VERSION = 1;
				DEVELOPMENT_TEAM = FB39KZ26V7;
				GENERATE_INFOPLIST_FILE = YES;
				MARKETING_VERSION = 1.0;
				PRODUCT_BUNDLE_IDENTIFIER = "sor4chi.-1TI026-TimerUITests";
				PRODUCT_NAME = "$(TARGET_NAME)";
				SWIFT_EMIT_LOC_STRINGS = NO;
				SWIFT_VERSION = 5.0;
				TARGETED_DEVICE_FAMILY = "1,2";
				TEST_TARGET_NAME = "21TI026-Timer";
			};
			name = Release;
		};
/* End XCBuildConfiguration section */

/* Begin XCConfigurationList section */
		BBE03E282A9F00F8005641E8 /* Build configuration list for PBXProject "21TI026-Timer" */ = {
			isa = XCConfigurationList;
			buildConfigurations = (
				BBE03E552A9F00FA005641E8 /* Debug */,
				BBE03E562A9F00FA005641E8 /* Release */,
			);
			defaultConfigurationIsVisible = 0;
			defaultConfigurationName = Release;
		};
		BBE03E572A9F00FA005641E8 /* Build configuration list for PBXNativeTarget "21TI026-Timer" */ = {
			isa = XCConfigurationList;
			buildConfigurations = (
				BBE03E582A9F00FA005641E8 /* Debug */,
				BBE03E592A9F00FA005641E8 /* Release */,
			);
			defaultConfigurationIsVisible = 0;
			defaultConfigurationName = Release;
		};
		BBE03E5A2A9F00FA005641E8 /* Build configuration list for PBXNativeTarget "21TI026-TimerTests" */ = {
			isa = XCConfigurationList;
			buildConfigurations = (
				BBE03E5B2A9F00FA005641E8 /* Debug */,
				BBE03E5C2A9F00FA005641E8 /* Release */,
			);
			defaultConfigurationIsVisible = 0;
			defaultConfigurationName = Release;
		};
		BBE03E5D2A9F00FA005641E8 /* Build configuration list for PBXNativeTarget "21TI026-TimerUITests" */ = {
			isa = XCConfigurationList;
			buildConfigurations = (
				BBE03E5E2A9F00FA005641E8 /* Debug */,
				BBE03E5F2A9F00FA005641E8 /* Release */,
			);
			defaultConfigurationIsVisible = 0;
			defaultConfigurationName = Release;
		};
/* End XCConfigurationList section */
	};
	rootObject = BBE03E252A9F00F8005641E8 /* Project object */;
}
